
Microsoft Visual Studio Solution File, Format Version 12.00
# Visual Studio Version 16
VisualStudioVersion = 16.0.32105.279
MinimumVisualStudioVersion = 10.0.40219.1
Project("{FAE04EC0-301F-11D3-BF4B-00C04F79EFBC}") = "WebApplication1", "WebApplication1\WebApplication1.csproj", "{0829F97C-7651-4056-A411-64E9455A69EB}"
EndProject
Global
	GlobalSection(SolutionConfigurationPlatforms) = preSolution
		Debug|Any CPU = Debug|Any CPU
		Release|Any CPU = Release|Any CPU
	EndGlobalSection
	GlobalSection(ProjectConfigurationPlatforms) = postSolution
		{0829F97C-7651-4056-A411-64E9455A69EB}.Debug|Any CPU.ActiveCfg = Debug|Any CPU
		{0829F97C-7651-4056-A411-64E9455A69EB}.Debug|Any CPU.Build.0 = Debug|Any CPU
		{0829F97C-7651-4056-A411-64E9455A69EB}.Release|Any CPU.ActiveCfg = Release|Any CPU
		{0829F97C-7651-4056-A411-64E9455A69EB}.Release|Any CPU.Build.0 = Release|Any CPU
	EndGlobalSection
	GlobalSection(SolutionProperties) = preSolution
		HideSolutionNode = FALSE
	EndGlobalSection
	GlobalSection(ExtensibilityGlobals) = postSolution
		SolutionGuid = {5F52720F-A3C7-4803-B917-DDBB85F6B780}
	EndGlobalSection
EndGlobal
